
Microsoft Visual Studio Solution File, Format Version 12.00
# Visual Studio 2012
Project("{FAE04EC0-301F-11D3-BF4B-00C04F79EFBC}") = "Hosting", "Hosting\Hosting.csproj", "{C26AB19D-6702-4E41-98B9-83981E6C6691}"
EndProject
Project("{FAE04EC0-301F-11D3-BF4B-00C04F79EFBC}") = "Client", "Client\Client.csproj", "{5E131F44-FC51-4093-9D48-8C9D793559BB}"
EndProject
Global
	GlobalSection(SolutionConfigurationPlatforms) = preSolution
		Debug|Any CPU = Debug|Any CPU
		Release|Any CPU = Release|Any CPU
	EndGlobalSection
	GlobalSection(ProjectConfigurationPlatforms) = postSolution
		{C26AB19D-6702-4E41-98B9-83981E6C6691}.Debug|Any CPU.ActiveCfg = Debug|Any CPU
		{C26AB19D-6702-4E41-98B9-83981E6C6691}.Debug|Any CPU.Build.0 = Debug|Any CPU
		{C26AB19D-6702-4E41-98B9-83981E6C6691}.Release|Any CPU.ActiveCfg = Release|Any CPU
		{C26AB19D-6702-4E41-98B9-83981E6C6691}.Release|Any CPU.Build.0 = Release|Any CPU
		{5E131F44-FC51-4093-9D48-8C9D793559BB}.Debug|Any CPU.ActiveCfg = Debug|Any CPU
		{5E131F44-FC51-4093-9D48-8C9D793559BB}.Debug|Any CPU.Build.0 = Debug|Any CPU
		{5E131F44-FC51-4093-9D48-8C9D793559BB}.Release|Any CPU.ActiveCfg = Release|Any CPU
		{5E131F44-FC51-4093-9D48-8C9D793559BB}.Release|Any CPU.Build.0 = Release|Any CPU
	EndGlobalSection
	GlobalSection(SolutionProperties) = preSolution
		HideSolutionNode = FALSE
	EndGlobalSection
EndGlobal
